# This file is automatically @generated by Poetry 1.8.4 and should not be changed by hand.

[[package]]
name = "deepdiff"
version = "8.0.1"
description = "Deep Difference and Search of any Python object/data. Recreate objects by adding adding deltas to each other."
optional = false
python-versions = ">=3.8"
files = [
    {file = "deepdiff-8.0.1-py3-none-any.whl", hash = "sha256:42e99004ce603f9a53934c634a57b04ad5900e0d8ed0abb15e635767489cbc05"},
    {file = "deepdiff-8.0.1.tar.gz", hash = "sha256:245599a4586ab59bb599ca3517a9c42f3318ff600ded5e80a3432693c8ec3c4b"},
]

[package.dependencies]
orderly-set = "5.2.2"

[package.extras]
cli = ["click (==8.1.7)", "pyyaml (==6.0.1)"]
optimize = ["orjson"]

[[package]]
name = "orderly-set"
version = "5.2.2"
description = "Orderly set"
optional = false
python-versions = ">=3.8"
files = [
    {file = "orderly_set-5.2.2-py3-none-any.whl", hash = "sha256:f7a37c95a38c01cdfe41c3ffb62925a318a2286ea0a41790c057fc802aec54da"},
    {file = "orderly_set-5.2.2.tar.gz", hash = "sha256:52a18b86aaf3f5d5a498bbdb27bf3253a4e5c57ab38e5b7a56fa00115cd28448"},
]

[[package]]
name = "qt-py"
version = "1.4.1"
description = "Python 2 & 3 compatibility wrapper around all Qt bindings - PySide, PySide2, PyQt4 and PyQt5."
optional = false
python-versions = "*"
files = [
    {file = "Qt.py-1.4.1-py2.py3-none-any.whl", hash = "sha256:751eabac526da6836df9234797c85b3ea0517b1337a316a313cff71d4e05964c"},
    {file = "Qt.py-1.4.1.tar.gz", hash = "sha256:c04ac2cedb5aeb710630f5443c032819aab4f6638aaa0105a9aacde66a337cf4"},
]

[package.dependencies]
types-PySide2 = "*"

[[package]]
name = "types-pyside2"
version = "5.15.2.1.7"
description = "The most accurate stubs for PySide2"
optional = false
python-versions = "*"
files = [
    {file = "types_pyside2-5.15.2.1.7-py2.py3-none-any.whl", hash = "sha256:a7bec4cb4657179415ca7ec7c70a45f9f9938664e22f385c85fd7cd724b07d4d"},
    {file = "types_pyside2-5.15.2.1.7.tar.gz", hash = "sha256:1d65072deb97481ad481b3414f94d02fd5da07f5e709c2d439ced14f79b2537c"},
]

[metadata]
lock-version = "2.0"
python-versions = "^3.9"
content-hash = "31da84b2f80064b31cdee11d02937204bfdabebed63d4c50c8a72f5b5e4ed299"
